
Microsoft Visual Studio Solution File, Format Version 12.00
# Visual Studio Version 17
VisualStudioVersion = 17.11.35312.102
MinimumVisualStudioVersion = 10.0.40219.1
Project("{FAE04EC0-301F-11D3-BF4B-00C04F79EFBC}") = "Mediana", "Mediana\Mediana.csproj", "{A819CBB5-BE07-46A3-A668-D318AB2B86D3}"
EndProject
Global
	GlobalSection(SolutionConfigurationPlatforms) = preSolution
		Debug|Any CPU = Debug|Any CPU
		Release|Any CPU = Release|Any CPU
	EndGlobalSection
	GlobalSection(ProjectConfigurationPlatforms) = postSolution
		{A819CBB5-BE07-46A3-A668-D318AB2B86D3}.Debug|Any CPU.ActiveCfg = Debug|Any CPU
		{A819CBB5-BE07-46A3-A668-D318AB2B86D3}.Debug|Any CPU.Build.0 = Debug|Any CPU
		{A819CBB5-BE07-46A3-A668-D318AB2B86D3}.Release|Any CPU.ActiveCfg = Release|Any CPU
		{A819CBB5-BE07-46A3-A668-D318AB2B86D3}.Release|Any CPU.Build.0 = Release|Any CPU
	EndGlobalSection
	GlobalSection(SolutionProperties) = preSolution
		HideSolutionNode = FALSE
	EndGlobalSection
	GlobalSection(ExtensibilityGlobals) = postSolution
		SolutionGuid = {317BB591-C5B0-4417-B5B7-31FF8E093436}
	EndGlobalSection
EndGlobal
